<?xml version="1.0" encoding="utf-8"?>
<Project ToolsVersion="4.0" xmlns="http://schemas.microsoft.com/developer/msbuild/2003">
  <ItemGroup>
    <Filter Include="Source Files">
      <UniqueIdentifier>{4FC737F1-C7A5-4376-A066-2A32D752A2FF}</UniqueIdentifier>
      <Extensions>cpp;c;cc;cxx;def;odl;idl;hpj;bat;asm;asmx</Extensions>
    </Filter>
    <Filter Include="Header Files">
      <UniqueIdentifier>{93995380-89BD-4b04-88EB-625FBE52EBFB}</UniqueIdentifier>
      <Extensions>h;hpp;hxx;hm;inl;inc;xsd</Extensions>
    </Filter>
    <Filter Include="Resource Files">
      <UniqueIdentifier>{67DA6AB6-F800-4c08-8B7A-83BB121AAD01}</UniqueIdentifier>
      <Extensions>rc;ico;cur;bmp;dlg;rc2;rct;bin;rgs;gif;jpg;jpeg;jpe;resx;tiff;tif;png;wav;mfcribbon-ms</Extensions>
    </Filter>
    <Filter Include="Header Files\opengl">
      <UniqueIdentifier>{d8cefaa6-3e78-4321-9775-12cbb0b9237c}</UniqueIdentifier>
    </Filter>
    <Filter Include="Header Files\sdl">
      <UniqueIdentifier>{d1840add-e5ee-4c37-b4bb-8ed6edd6039d}</UniqueIdentifier>
    </Filter>
    <Filter Include="Source Files\opengl">
      <UniqueIdentifier>{3233c3a3-f853-48cf-9088-f4d65816ddf4}</UniqueIdentifier>
    </Filter>
    <Filter Include="Source Files\sdl">
      <UniqueIdentifier>{ceb2f502-70ed-4495-8190-ae38daf9d612}</UniqueIdentifier>
    </Filter>
    <Filter Include="Source Files\win">
      <UniqueIdentifier>{7cf42402-82c2-47dd-9c7a-c1ac3afe579c}</UniqueIdentifier>
    </Filter>
  </ItemGroup>
  <ItemGroup>
    <ClCompile Include="game.cpp">
      <Filter>Source Files</Filter>
    </ClCompile>
    <ClCompile Include="game_state.cpp">
      <Filter>Source Files</Filter>
    </ClCompile>
    <ClCompile Include="sdl\sdl_graphics_context.cpp">
      <Filter>Source Files\sdl</Filter>
    </ClCompile>
    <ClCompile Include="opengl\opengl_image.cpp">
      <Filter>Source Files\opengl</Filter>
    </ClCompile>
    <ClCompile Include="opengl\opengl_context.cpp">
      <Filter>Source Files\opengl</Filter>
    </ClCompile>
  </ItemGroup>
  <ItemGroup>
    <ClInclude Include="game_state.hpp">
      <Filter>Header Files</Filter>
    </ClInclude>
    <ClInclude Include="game.hpp">
      <Filter>Header Files</Filter>
    </ClInclude>
    <ClInclude Include="pacman_defs.hpp">
      <Filter>Header Files</Filter>
    </ClInclude>
    <ClInclude Include="audio_context.hpp">
      <Filter>Header Files</Filter>
    </ClInclude>
    <ClInclude Include="user_graphics_context.hpp">
      <Filter>Header Files</Filter>
    </ClInclude>
    <ClInclude Include="graphics_context.hpp">
      <Filter>Header Files</Filter>
    </ClInclude>
    <ClInclude Include="user_image.hpp">
      <Filter>Header Files</Filter>
    </ClInclude>
    <ClInclude Include="sdl\sdl_graphics_context.hpp">
      <Filter>Header Files\sdl</Filter>
    </ClInclude>
    <ClInclude Include="opengl\opengl_image.hpp">
      <Filter>Header Files\opengl</Filter>
    </ClInclude>
    <ClInclude Include="opengl\opengl_context.hpp">
      <Filter>Header Files\opengl</Filter>
    </ClInclude>
  </ItemGroup>
</Project>